
Microsoft Visual Studio Solution File, Format Version 10.00
# Visual C# Express 2008
Project("{FAE04EC0-301F-11D3-BF4B-00C04F79EFBC}") = "pgamewin", "MyFirstGame\pgamewin.csproj", "{6A332FF3-4BF6-4CF1-B0A8-228DB062FDBD}"
EndProject
Project("{FAE04EC0-301F-11D3-BF4B-00C04F79EFBC}") = "Pgamexbox", "MyFirstGame\Pgamexbox.csproj", "{0C639E5B-B4EC-4927-80A7-C8BEF49CDD2F}"
EndProject
Project("{FAE04EC0-301F-11D3-BF4B-00C04F79EFBC}") = "Soopah.Xna.Input", "xnadirectinput\Soopah.Xna.Input.csproj", "{9B12C354-D439-401C-84B0-6EAF05D106E5}"
EndProject
Global
	GlobalSection(SolutionConfigurationPlatforms) = preSolution
		Debug|Any CPU = Debug|Any CPU
		Debug|Mixed Platforms = Debug|Mixed Platforms
		Debug|x86 = Debug|x86
		Debug|Xbox 360 = Debug|Xbox 360
		Release|Any CPU = Release|Any CPU
		Release|Mixed Platforms = Release|Mixed Platforms
		Release|x86 = Release|x86
		Release|Xbox 360 = Release|Xbox 360
	EndGlobalSection
	GlobalSection(ProjectConfigurationPlatforms) = postSolution
		{6A332FF3-4BF6-4CF1-B0A8-228DB062FDBD}.Debug|Any CPU.ActiveCfg = Debug|x86
		{6A332FF3-4BF6-4CF1-B0A8-228DB062FDBD}.Debug|Mixed Platforms.ActiveCfg = Debug|x86
		{6A332FF3-4BF6-4CF1-B0A8-228DB062FDBD}.Debug|Mixed Platforms.Build.0 = Debug|x86
		{6A332FF3-4BF6-4CF1-B0A8-228DB062FDBD}.Debug|x86.ActiveCfg = Debug|x86
		{6A332FF3-4BF6-4CF1-B0A8-228DB062FDBD}.Debug|x86.Build.0 = Debug|x86
		{6A332FF3-4BF6-4CF1-B0A8-228DB062FDBD}.Debug|Xbox 360.ActiveCfg = Debug|x86
		{6A332FF3-4BF6-4CF1-B0A8-228DB062FDBD}.Release|Any CPU.ActiveCfg = Release|x86
		{6A332FF3-4BF6-4CF1-B0A8-228DB062FDBD}.Release|Mixed Platforms.ActiveCfg = Release|x86
		{6A332FF3-4BF6-4CF1-B0A8-228DB062FDBD}.Release|Mixed Platforms.Build.0 = Release|x86
		{6A332FF3-4BF6-4CF1-B0A8-228DB062FDBD}.Release|x86.ActiveCfg = Release|x86
		{6A332FF3-4BF6-4CF1-B0A8-228DB062FDBD}.Release|x86.Build.0 = Release|x86
		{6A332FF3-4BF6-4CF1-B0A8-228DB062FDBD}.Release|Xbox 360.ActiveCfg = Release|x86
		{0C639E5B-B4EC-4927-80A7-C8BEF49CDD2F}.Debug|Any CPU.ActiveCfg = Debug|Xbox 360
		{0C639E5B-B4EC-4927-80A7-C8BEF49CDD2F}.Debug|Mixed Platforms.ActiveCfg = Debug|Xbox 360
		{0C639E5B-B4EC-4927-80A7-C8BEF49CDD2F}.Debug|Mixed Platforms.Build.0 = Debug|Xbox 360
		{0C639E5B-B4EC-4927-80A7-C8BEF49CDD2F}.Debug|Mixed Platforms.Deploy.0 = Debug|Xbox 360
		{0C639E5B-B4EC-4927-80A7-C8BEF49CDD2F}.Debug|x86.ActiveCfg = Debug|Xbox 360
		{0C639E5B-B4EC-4927-80A7-C8BEF49CDD2F}.Debug|Xbox 360.ActiveCfg = Debug|Xbox 360
		{0C639E5B-B4EC-4927-80A7-C8BEF49CDD2F}.Debug|Xbox 360.Build.0 = Debug|Xbox 360
		{0C639E5B-B4EC-4927-80A7-C8BEF49CDD2F}.Debug|Xbox 360.Deploy.0 = Debug|Xbox 360
		{0C639E5B-B4EC-4927-80A7-C8BEF49CDD2F}.Release|Any CPU.ActiveCfg = Release|Xbox 360
		{0C639E5B-B4EC-4927-80A7-C8BEF49CDD2F}.Release|Mixed Platforms.ActiveCfg = Release|Xbox 360
		{0C639E5B-B4EC-4927-80A7-C8BEF49CDD2F}.Release|Mixed Platforms.Build.0 = Release|Xbox 360
		{0C639E5B-B4EC-4927-80A7-C8BEF49CDD2F}.Release|Mixed Platforms.Deploy.0 = Release|Xbox 360
		{0C639E5B-B4EC-4927-80A7-C8BEF49CDD2F}.Release|x86.ActiveCfg = Release|Xbox 360
		{0C639E5B-B4EC-4927-80A7-C8BEF49CDD2F}.Release|Xbox 360.ActiveCfg = Release|Xbox 360
		{0C639E5B-B4EC-4927-80A7-C8BEF49CDD2F}.Release|Xbox 360.Build.0 = Release|Xbox 360
		{0C639E5B-B4EC-4927-80A7-C8BEF49CDD2F}.Release|Xbox 360.Deploy.0 = Release|Xbox 360
		{6F10B97E-99B8-4F2A-8A8E-1AAE3ABBAEA4}.Debug|Any CPU.ActiveCfg = Debug|x86
		{6F10B97E-99B8-4F2A-8A8E-1AAE3ABBAEA4}.Debug|Mixed Platforms.ActiveCfg = Debug|x86
		{6F10B97E-99B8-4F2A-8A8E-1AAE3ABBAEA4}.Debug|x86.ActiveCfg = Debug|x86
		{6F10B97E-99B8-4F2A-8A8E-1AAE3ABBAEA4}.Debug|Xbox 360.ActiveCfg = Debug|x86
		{6F10B97E-99B8-4F2A-8A8E-1AAE3ABBAEA4}.Release|Any CPU.ActiveCfg = Release|x86
		{6F10B97E-99B8-4F2A-8A8E-1AAE3ABBAEA4}.Release|Mixed Platforms.ActiveCfg = Release|x86
		{6F10B97E-99B8-4F2A-8A8E-1AAE3ABBAEA4}.Release|x86.ActiveCfg = Release|x86
		{6F10B97E-99B8-4F2A-8A8E-1AAE3ABBAEA4}.Release|Xbox 360.ActiveCfg = Release|x86
		{9B12C354-D439-401C-84B0-6EAF05D106E5}.Debug|Any CPU.ActiveCfg = Debug|Any CPU
		{9B12C354-D439-401C-84B0-6EAF05D106E5}.Debug|Any CPU.Build.0 = Debug|Any CPU
		{9B12C354-D439-401C-84B0-6EAF05D106E5}.Debug|Mixed Platforms.ActiveCfg = Debug|Any CPU
		{9B12C354-D439-401C-84B0-6EAF05D106E5}.Debug|Mixed Platforms.Build.0 = Debug|Any CPU
		{9B12C354-D439-401C-84B0-6EAF05D106E5}.Debug|x86.ActiveCfg = Debug|Any CPU
		{9B12C354-D439-401C-84B0-6EAF05D106E5}.Debug|Xbox 360.ActiveCfg = Debug|Any CPU
		{9B12C354-D439-401C-84B0-6EAF05D106E5}.Release|Any CPU.ActiveCfg = Release|Any CPU
		{9B12C354-D439-401C-84B0-6EAF05D106E5}.Release|Any CPU.Build.0 = Release|Any CPU
		{9B12C354-D439-401C-84B0-6EAF05D106E5}.Release|Mixed Platforms.ActiveCfg = Release|Any CPU
		{9B12C354-D439-401C-84B0-6EAF05D106E5}.Release|Mixed Platforms.Build.0 = Release|Any CPU
		{9B12C354-D439-401C-84B0-6EAF05D106E5}.Release|x86.ActiveCfg = Release|Any CPU
		{9B12C354-D439-401C-84B0-6EAF05D106E5}.Release|Xbox 360.ActiveCfg = Release|Any CPU
	EndGlobalSection
	GlobalSection(SolutionProperties) = preSolution
		HideSolutionNode = FALSE
	EndGlobalSection
EndGlobal
